
Microsoft Visual Studio Solution File, Format Version 12.00
# Visual Studio Version 17
VisualStudioVersion = 17.14.36623.8 d17.14
MinimumVisualStudioVersion = 10.0.40219.1
Project("{FAE04EC0-301F-11D3-BF4B-00C04F79EFBC}") = "HomeWork", "HomeWork\HomeWork.csproj", "{006BC416-B4C1-4234-AEB2-A2218EAF1EE4}"
EndProject
Global
	GlobalSection(SolutionConfigurationPlatforms) = preSolution
		Debug|Any CPU = Debug|Any CPU
		Release|Any CPU = Release|Any CPU
	EndGlobalSection
	GlobalSection(ProjectConfigurationPlatforms) = postSolution
		{006BC416-B4C1-4234-AEB2-A2218EAF1EE4}.Debug|Any CPU.ActiveCfg = Debug|Any CPU
		{006BC416-B4C1-4234-AEB2-A2218EAF1EE4}.Debug|Any CPU.Build.0 = Debug|Any CPU
		{006BC416-B4C1-4234-AEB2-A2218EAF1EE4}.Release|Any CPU.ActiveCfg = Release|Any CPU
		{006BC416-B4C1-4234-AEB2-A2218EAF1EE4}.Release|Any CPU.Build.0 = Release|Any CPU
	EndGlobalSection
	GlobalSection(SolutionProperties) = preSolution
		HideSolutionNode = FALSE
	EndGlobalSection
	GlobalSection(ExtensibilityGlobals) = postSolution
		SolutionGuid = {0B5BFF8F-FBF3-49D7-A57F-E6108C13E67C}
	EndGlobalSection
EndGlobal
